
Microsoft Visual Studio Solution File, Format Version 12.00
# Visual Studio Version 16
VisualStudioVersion = 16.0.30503.244
MinimumVisualStudioVersion = 10.0.40219.1
Project("{FAE04EC0-301F-11D3-BF4B-00C04F79EFBC}") = "Blazor2048", "Blazor2048\Blazor2048.csproj", "{B59AB4E5-40A7-44F9-944E-D3376BF06504}"
EndProject
Global
	GlobalSection(SolutionConfigurationPlatforms) = preSolution
		Debug|Any CPU = Debug|Any CPU
		Release|Any CPU = Release|Any CPU
	EndGlobalSection
	GlobalSection(ProjectConfigurationPlatforms) = postSolution
		{B59AB4E5-40A7-44F9-944E-D3376BF06504}.Debug|Any CPU.ActiveCfg = Debug|Any CPU
		{B59AB4E5-40A7-44F9-944E-D3376BF06504}.Debug|Any CPU.Build.0 = Debug|Any CPU
		{B59AB4E5-40A7-44F9-944E-D3376BF06504}.Release|Any CPU.ActiveCfg = Release|Any CPU
		{B59AB4E5-40A7-44F9-944E-D3376BF06504}.Release|Any CPU.Build.0 = Release|Any CPU
	EndGlobalSection
	GlobalSection(SolutionProperties) = preSolution
		HideSolutionNode = FALSE
	EndGlobalSection
	GlobalSection(ExtensibilityGlobals) = postSolution
		SolutionGuid = {4D170142-2D51-4735-9FAB-7AB72E77C4BD}
	EndGlobalSection
EndGlobal
